{
  "version": 4,
  "terraform_version": "1.0.4",
  "serial": 30,
  "lineage": "736e0412-0875-dc40-9c40-0e7da1851893",
  "outputs": {},
  "resources": [
    {
      "mode": "data",
      "type": "aci_vmm_domain",
      "name": "vmm_domain_tf",
      "provider": "provider[\"registry.terraform.io/ciscodevnet/aci\"]",
      "instances": [
        {
          "schema_version": 0,
          "attributes": {
            "access_mode": "read-write",
            "annotation": "orchestrator:terraform",
            "arp_learning": "",
            "ave_time_out": "30",
            "config_infra_pg": "no",
            "ctrl_knob": "epDpVerify",
            "delimiter": "",
            "description": "",
            "enable_ave": "no",
            "enable_tag": "no",
            "encap_mode": "unknown",
            "enf_pref": "hw",
            "ep_inventory_type": "on-link",
            "ep_ret_time": "0",
            "hv_avail_monitor": "no",
            "id": "uni/vmmp-VMware/dom-terraform_vDS",
            "mcast_addr": "224.0.1.0",
            "mode": "default",
            "name": "terraform_vDS",
            "name_alias": "alias_dom",
            "pref_encap_mode": "unspecified",
            "provider_profile_dn": ""
          },
          "sensitive_attributes": []
        }
      ]
    },
    {
      "mode": "managed",
      "type": "aci_application_epg",
      "name": "external_tf",
      "provider": "provider[\"registry.terraform.io/ciscodevnet/aci\"]",
      "instances": [
        {
          "schema_version": 1,
          "attributes": {
            "annotation": "orchestrator:terraform",
            "application_profile_dn": "uni/tn-dm_cli_terraform_T01/ap-MyApp",
            "description": "",
            "exception_tag": "",
            "flood_on_encap": "disabled",
            "fwd_ctrl": "",
            "has_mcast_source": "no",
            "id": "uni/tn-dm_cli_terraform_T01/ap-MyApp/epg-External_EPG",
            "is_attr_based_epg": "no",
            "match_t": "AtleastOne",
            "name": "External_EPG",
            "name_alias": "",
            "pc_enf_pref": "unenforced",
            "pref_gr_memb": "exclude",
            "prio": "unspecified",
            "relation_fv_rs_aepg_mon_pol": "",
            "relation_fv_rs_bd": "uni/tn-dm_cli_terraform_T01/BD-External_BD",
            "relation_fv_rs_cons": null,
            "relation_fv_rs_cons_if": null,
            "relation_fv_rs_cust_qos_pol": null,
            "relation_fv_rs_dpp_pol": "",
            "relation_fv_rs_fc_path_att": null,
            "relation_fv_rs_graph_def": null,
            "relation_fv_rs_intra_epg": null,
            "relation_fv_rs_node_att": null,
            "relation_fv_rs_prot_by": null,
            "relation_fv_rs_prov": null,
            "relation_fv_rs_prov_def": null,
            "relation_fv_rs_sec_inherited": null,
            "relation_fv_rs_trust_ctrl": "",
            "shutdown": "no"
          },
          "sensitive_attributes": [],
          "private": "eyJzY2hlbWFfdmVyc2lvbiI6IjEifQ==",
          "dependencies": [
            "aci_application_profile.anp_tf",
            "aci_bridge_domain.external_tf"
          ]
        }
      ]
    },
    {
      "mode": "managed",
      "type": "aci_application_epg",
      "name": "internal_tf",
      "provider": "provider[\"registry.terraform.io/ciscodevnet/aci\"]",
      "instances": [
        {
          "schema_version": 1,
          "attributes": {
            "annotation": "orchestrator:terraform",
            "application_profile_dn": "uni/tn-dm_cli_terraform_T01/ap-MyApp",
            "description": "",
            "exception_tag": "",
            "flood_on_encap": "disabled",
            "fwd_ctrl": "",
            "has_mcast_source": "no",
            "id": "uni/tn-dm_cli_terraform_T01/ap-MyApp/epg-Internal_EPG",
            "is_attr_based_epg": "no",
            "match_t": "AtleastOne",
            "name": "Internal_EPG",
            "name_alias": "",
            "pc_enf_pref": "unenforced",
            "pref_gr_memb": "exclude",
            "prio": "unspecified",
            "relation_fv_rs_aepg_mon_pol": "",
            "relation_fv_rs_bd": "uni/tn-dm_cli_terraform_T01/BD-Internal_BD",
            "relation_fv_rs_cons": [],
            "relation_fv_rs_cons_if": [],
            "relation_fv_rs_cust_qos_pol": null,
            "relation_fv_rs_dpp_pol": "",
            "relation_fv_rs_fc_path_att": [],
            "relation_fv_rs_graph_def": [],
            "relation_fv_rs_intra_epg": [],
            "relation_fv_rs_node_att": [],
            "relation_fv_rs_prot_by": [],
            "relation_fv_rs_prov": null,
            "relation_fv_rs_prov_def": [],
            "relation_fv_rs_sec_inherited": [],
            "relation_fv_rs_trust_ctrl": "",
            "shutdown": "no"
          },
          "sensitive_attributes": [],
          "private": "eyJzY2hlbWFfdmVyc2lvbiI6IjEifQ==",
          "dependencies": [
            "aci_application_profile.anp_tf",
            "aci_bridge_domain.internal_tf",
            "aci_tenant.tenant_tf",
            "aci_vrf.vrf_tf"
          ]
        }
      ]
    },
    {
      "mode": "managed",
      "type": "aci_application_profile",
      "name": "anp_tf",
      "provider": "provider[\"registry.terraform.io/ciscodevnet/aci\"]",
      "instances": [
        {
          "schema_version": 1,
          "attributes": {
            "annotation": "orchestrator:terraform",
            "description": "",
            "id": "uni/tn-dm_cli_terraform_T01/ap-MyApp",
            "name": "MyApp",
            "name_alias": "",
            "prio": "unspecified",
            "relation_fv_rs_ap_mon_pol": "",
            "tenant_dn": "uni/tn-dm_cli_terraform_T01"
          },
          "sensitive_attributes": [],
          "private": "eyJzY2hlbWFfdmVyc2lvbiI6IjEifQ==",
          "dependencies": [
            "aci_tenant.tenant_tf"
          ]
        }
      ]
    },
    {
      "mode": "managed",
      "type": "aci_bridge_domain",
      "name": "external_tf",
      "provider": "provider[\"registry.terraform.io/ciscodevnet/aci\"]",
      "instances": [
        {
          "schema_version": 1,
          "attributes": {
            "annotation": "orchestrator:terraform",
            "arp_flood": "no",
            "bridge_domain_type": "regular",
            "description": "",
            "ep_clear": "no",
            "ep_move_detect_mode": "",
            "host_based_routing": "no",
            "id": "uni/tn-dm_cli_terraform_T01/BD-External_BD",
            "intersite_bum_traffic_allow": "no",
            "intersite_l2_stretch": "no",
            "ip_learning": "yes",
            "ipv6_mcast_allow": "no",
            "limit_ip_learn_to_subnets": "yes",
            "ll_addr": "::",
            "mac": "00:22:BD:F8:19:FF",
            "mcast_allow": "no",
            "multi_dst_pkt_act": "bd-flood",
            "name": "External_BD",
            "name_alias": "",
            "optimize_wan_bandwidth": "no",
            "relation_fv_rs_abd_pol_mon_pol": "",
            "relation_fv_rs_bd_flood_to": [],
            "relation_fv_rs_bd_to_ep_ret": null,
            "relation_fv_rs_bd_to_fhs": "",
            "relation_fv_rs_bd_to_nd_p": null,
            "relation_fv_rs_bd_to_netflow_monitor_pol": [],
            "relation_fv_rs_bd_to_out": [],
            "relation_fv_rs_bd_to_profile": "",
            "relation_fv_rs_bd_to_relay_p": "",
            "relation_fv_rs_ctx": "uni/tn-dm_cli_terraform_T01/ctx-Prod_vrf",
            "relation_fv_rs_igmpsn": null,
            "relation_fv_rs_mldsn": null,
            "tenant_dn": "uni/tn-dm_cli_terraform_T01",
            "unicast_route": "yes",
            "unk_mac_ucast_act": "proxy",
            "unk_mcast_act": "flood",
            "v6unk_mcast_act": "flood",
            "vmac": "not-applicable"
          },
          "sensitive_attributes": [],
          "private": "eyJzY2hlbWFfdmVyc2lvbiI6IjEifQ==",
          "dependencies": [
            "aci_tenant.tenant_tf",
            "aci_vrf.vrf_tf"
          ]
        }
      ]
    },
    {
      "mode": "managed",
      "type": "aci_bridge_domain",
      "name": "internal_tf",
      "provider": "provider[\"registry.terraform.io/ciscodevnet/aci\"]",
      "instances": [
        {
          "schema_version": 1,
          "attributes": {
            "annotation": "orchestrator:terraform",
            "arp_flood": "no",
            "bridge_domain_type": "regular",
            "description": "",
            "ep_clear": "no",
            "ep_move_detect_mode": "",
            "host_based_routing": "no",
            "id": "uni/tn-dm_cli_terraform_T01/BD-Internal_BD",
            "intersite_bum_traffic_allow": "no",
            "intersite_l2_stretch": "no",
            "ip_learning": "yes",
            "ipv6_mcast_allow": "no",
            "limit_ip_learn_to_subnets": "yes",
            "ll_addr": "::",
            "mac": "00:22:BD:F8:19:FF",
            "mcast_allow": "no",
            "multi_dst_pkt_act": "bd-flood",
            "name": "Internal_BD",
            "name_alias": "",
            "optimize_wan_bandwidth": "no",
            "relation_fv_rs_abd_pol_mon_pol": "",
            "relation_fv_rs_bd_flood_to": [],
            "relation_fv_rs_bd_to_ep_ret": null,
            "relation_fv_rs_bd_to_fhs": "",
            "relation_fv_rs_bd_to_nd_p": null,
            "relation_fv_rs_bd_to_netflow_monitor_pol": [],
            "relation_fv_rs_bd_to_out": [],
            "relation_fv_rs_bd_to_profile": "",
            "relation_fv_rs_bd_to_relay_p": "",
            "relation_fv_rs_ctx": "uni/tn-dm_cli_terraform_T01/ctx-Prod_vrf",
            "relation_fv_rs_igmpsn": null,
            "relation_fv_rs_mldsn": null,
            "tenant_dn": "uni/tn-dm_cli_terraform_T01",
            "unicast_route": "yes",
            "unk_mac_ucast_act": "proxy",
            "unk_mcast_act": "flood",
            "v6unk_mcast_act": "flood",
            "vmac": "not-applicable"
          },
          "sensitive_attributes": [],
          "private": "eyJzY2hlbWFfdmVyc2lvbiI6IjEifQ==",
          "dependencies": [
            "aci_tenant.tenant_tf",
            "aci_vrf.vrf_tf"
          ]
        }
      ]
    },
    {
      "mode": "managed",
      "type": "aci_contract",
      "name": "contract_internal_tf_external_tf",
      "provider": "provider[\"registry.terraform.io/ciscodevnet/aci\"]",
      "instances": [
        {
          "schema_version": 1,
          "attributes": {
            "annotation": "orchestrator:terraform",
            "description": "",
            "filter": [],
            "filter_entry_ids": [],
            "filter_ids": [],
            "id": "uni/tn-dm_cli_terraform_T01/brc-contract_Web",
            "name": "contract_Web",
            "name_alias": "",
            "prio": "unspecified",
            "relation_vz_rs_graph_att": "",
            "scope": "context",
            "target_dscp": "unspecified",
            "tenant_dn": "uni/tn-dm_cli_terraform_T01"
          },
          "sensitive_attributes": [],
          "private": "eyJzY2hlbWFfdmVyc2lvbiI6IjEifQ==",
          "dependencies": [
            "aci_tenant.tenant_tf"
          ]
        }
      ]
    },
    {
      "mode": "managed",
      "type": "aci_contract_subject",
      "name": "subject_tf",
      "provider": "provider[\"registry.terraform.io/ciscodevnet/aci\"]",
      "instances": [
        {
          "schema_version": 1,
          "attributes": {
            "annotation": "orchestrator:terraform",
            "cons_match_t": "AtleastOne",
            "contract_dn": "uni/tn-dm_cli_terraform_T01/brc-contract_Web",
            "description": "",
            "id": "uni/tn-dm_cli_terraform_T01/brc-contract_Web/subj-Web_subject",
            "name": "Web_subject",
            "name_alias": "",
            "prio": "unspecified",
            "prov_match_t": "AtleastOne",
            "relation_vz_rs_sdwan_pol": "",
            "relation_vz_rs_subj_filt_att": [
              "uni/tn-dm_cli_terraform_T01/flt-allow_http",
              "uni/tn-dm_cli_terraform_T01/flt-allow_icmp"
            ],
            "relation_vz_rs_subj_graph_att": "",
            "rev_flt_ports": "yes",
            "target_dscp": "unspecified"
          },
          "sensitive_attributes": [],
          "private": "eyJzY2hlbWFfdmVyc2lvbiI6IjEifQ==",
          "dependencies": [
            "aci_tenant.tenant_tf",
            "aci_contract.contract_internal_tf_external_tf",
            "aci_filter.allow_http",
            "aci_filter.allow_icmp"
          ]
        }
      ]
    },
    {
      "mode": "managed",
      "type": "aci_epg_to_contract",
      "name": "external_provide_contract",
      "provider": "provider[\"registry.terraform.io/ciscodevnet/aci\"]",
      "instances": [
        {
          "schema_version": 1,
          "attributes": {
            "annotation": "orchestrator:terraform",
            "application_epg_dn": "uni/tn-dm_cli_terraform_T01/ap-MyApp/epg-External_EPG",
            "contract_dn": "uni/tn-dm_cli_terraform_T01/brc-contract_Web",
            "contract_type": "consumer",
            "description": null,
            "id": "uni/tn-dm_cli_terraform_T01/ap-MyApp/epg-External_EPG/rscons-contract_Web",
            "match_t": null,
            "prio": "unspecified"
          },
          "sensitive_attributes": [],
          "private": "eyJzY2hlbWFfdmVyc2lvbiI6IjEifQ==",
          "dependencies": [
            "aci_application_epg.external_tf",
            "aci_application_profile.anp_tf",
            "aci_bridge_domain.external_tf",
            "aci_contract.contract_internal_tf_external_tf"
          ]
        }
      ]
    },
    {
      "mode": "managed",
      "type": "aci_epg_to_contract",
      "name": "internal_provide_contract",
      "provider": "provider[\"registry.terraform.io/ciscodevnet/aci\"]",
      "instances": [
        {
          "schema_version": 1,
          "attributes": {
            "annotation": "orchestrator:terraform",
            "application_epg_dn": "uni/tn-dm_cli_terraform_T01/ap-MyApp/epg-Internal_EPG",
            "contract_dn": "uni/tn-dm_cli_terraform_T01/brc-contract_Web",
            "contract_type": "provider",
            "description": null,
            "id": "uni/tn-dm_cli_terraform_T01/ap-MyApp/epg-Internal_EPG/rsprov-contract_Web",
            "match_t": "AtleastOne",
            "prio": "unspecified"
          },
          "sensitive_attributes": [],
          "private": "eyJzY2hlbWFfdmVyc2lvbiI6IjEifQ==",
          "dependencies": [
            "aci_application_epg.internal_tf",
            "aci_application_profile.anp_tf",
            "aci_bridge_domain.internal_tf",
            "aci_contract.contract_internal_tf_external_tf",
            "aci_tenant.tenant_tf",
            "aci_vrf.vrf_tf"
          ]
        }
      ]
    },
    {
      "mode": "managed",
      "type": "aci_epg_to_domain",
      "name": "vmm_domain_ext1_tf",
      "provider": "provider[\"registry.terraform.io/ciscodevnet/aci\"]",
      "instances": [
        {
          "schema_version": 1,
          "attributes": {
            "allow_micro_seg": false,
            "annotation": "orchestrator:terraform",
            "application_epg_dn": "uni/tn-dm_cli_terraform_T01/ap-MyApp/epg-External_EPG",
            "binding_type": "none",
            "delimiter": "",
            "description": null,
            "encap": "unknown",
            "encap_mode": "auto",
            "epg_cos": "Cos0",
            "epg_cos_pref": "disabled",
            "id": "uni/tn-dm_cli_terraform_T01/ap-MyApp/epg-External_EPG/rsdomAtt-[uni/vmmp-VMware/dom-terraform_vDS]",
            "instr_imedcy": "lazy",
            "lag_policy_name": "dm_eLAG",
            "netflow_dir": "both",
            "netflow_pref": "disabled",
            "num_ports": "0",
            "port_allocation": "none",
            "primary_encap": "unknown",
            "primary_encap_inner": "unknown",
            "res_imedcy": "pre-provision",
            "secondary_encap_inner": "unknown",
            "switching_mode": "native",
            "tdn": "uni/vmmp-VMware/dom-terraform_vDS",
            "vmm_allow_promiscuous": "reject",
            "vmm_forged_transmits": "reject",
            "vmm_id": "uni/tn-dm_cli_terraform_T01/ap-MyApp/epg-External_EPG/rsdomAtt-[uni/vmmp-VMware/dom-terraform_vDS]/sec",
            "vmm_mac_changes": "reject"
          },
          "sensitive_attributes": [],
          "private": "eyJzY2hlbWFfdmVyc2lvbiI6IjEifQ==",
          "dependencies": [
            "aci_application_epg.external_tf",
            "aci_application_profile.anp_tf",
            "aci_bridge_domain.external_tf",
            "data.aci_vmm_domain.vmm_domain_tf"
          ]
        }
      ]
    },
    {
      "mode": "managed",
      "type": "aci_epg_to_domain",
      "name": "vmm_domain_int1_tf",
      "provider": "provider[\"registry.terraform.io/ciscodevnet/aci\"]",
      "instances": [
        {
          "schema_version": 1,
          "attributes": {
            "allow_micro_seg": false,
            "annotation": "orchestrator:terraform",
            "application_epg_dn": "uni/tn-dm_cli_terraform_T01/ap-MyApp/epg-Internal_EPG",
            "binding_type": "none",
            "delimiter": "",
            "description": null,
            "encap": "unknown",
            "encap_mode": "auto",
            "epg_cos": "Cos0",
            "epg_cos_pref": "disabled",
            "id": "uni/tn-dm_cli_terraform_T01/ap-MyApp/epg-Internal_EPG/rsdomAtt-[uni/vmmp-VMware/dom-terraform_vDS]",
            "instr_imedcy": "lazy",
            "lag_policy_name": "",
            "netflow_dir": "both",
            "netflow_pref": "disabled",
            "num_ports": "0",
            "port_allocation": "none",
            "primary_encap": "unknown",
            "primary_encap_inner": "unknown",
            "res_imedcy": "pre-provision",
            "secondary_encap_inner": "unknown",
            "switching_mode": "native",
            "tdn": "uni/vmmp-VMware/dom-terraform_vDS",
            "vmm_allow_promiscuous": "reject",
            "vmm_forged_transmits": "reject",
            "vmm_id": "uni/tn-dm_cli_terraform_T01/ap-MyApp/epg-Internal_EPG/rsdomAtt-[uni/vmmp-VMware/dom-terraform_vDS]/sec",
            "vmm_mac_changes": "reject"
          },
          "sensitive_attributes": [],
          "private": "eyJzY2hlbWFfdmVyc2lvbiI6IjEifQ==",
          "dependencies": [
            "aci_application_profile.anp_tf",
            "aci_bridge_domain.internal_tf",
            "aci_tenant.tenant_tf",
            "aci_vrf.vrf_tf",
            "data.aci_vmm_domain.vmm_domain_tf",
            "aci_application_epg.internal_tf"
          ]
        }
      ]
    },
    {
      "mode": "managed",
      "type": "aci_filter",
      "name": "allow_http",
      "provider": "provider[\"registry.terraform.io/ciscodevnet/aci\"]",
      "instances": [
        {
          "schema_version": 1,
          "attributes": {
            "annotation": "orchestrator:terraform",
            "description": "",
            "id": "uni/tn-dm_cli_terraform_T01/flt-allow_http",
            "name": "allow_http",
            "name_alias": "",
            "relation_vz_rs_filt_graph_att": "",
            "relation_vz_rs_fwd_r_flt_p_att": "",
            "relation_vz_rs_rev_r_flt_p_att": "",
            "tenant_dn": "uni/tn-dm_cli_terraform_T01"
          },
          "sensitive_attributes": [],
          "private": "eyJzY2hlbWFfdmVyc2lvbiI6IjEifQ==",
          "dependencies": [
            "aci_tenant.tenant_tf"
          ]
        }
      ]
    },
    {
      "mode": "managed",
      "type": "aci_filter",
      "name": "allow_icmp",
      "provider": "provider[\"registry.terraform.io/ciscodevnet/aci\"]",
      "instances": [
        {
          "schema_version": 1,
          "attributes": {
            "annotation": "orchestrator:terraform",
            "description": "",
            "id": "uni/tn-dm_cli_terraform_T01/flt-allow_icmp",
            "name": "allow_icmp",
            "name_alias": "",
            "relation_vz_rs_filt_graph_att": "",
            "relation_vz_rs_fwd_r_flt_p_att": "",
            "relation_vz_rs_rev_r_flt_p_att": "",
            "tenant_dn": "uni/tn-dm_cli_terraform_T01"
          },
          "sensitive_attributes": [],
          "private": "eyJzY2hlbWFfdmVyc2lvbiI6IjEifQ==",
          "dependencies": [
            "aci_tenant.tenant_tf"
          ]
        }
      ]
    },
    {
      "mode": "managed",
      "type": "aci_filter_entry",
      "name": "http",
      "provider": "provider[\"registry.terraform.io/ciscodevnet/aci\"]",
      "instances": [
        {
          "schema_version": 1,
          "attributes": {
            "annotation": "orchestrator:terraform",
            "apply_to_frag": "no",
            "arp_opc": "unspecified",
            "d_from_port": "http",
            "d_to_port": "http",
            "description": "",
            "ether_t": "ip",
            "filter_dn": "uni/tn-dm_cli_terraform_T01/flt-allow_http",
            "icmpv4_t": "unspecified",
            "icmpv6_t": "unspecified",
            "id": "uni/tn-dm_cli_terraform_T01/flt-allow_http/e-http",
            "match_dscp": "unspecified",
            "name": "http",
            "name_alias": "",
            "prot": "tcp",
            "s_from_port": "unspecified",
            "s_to_port": "unspecified",
            "stateful": "yes",
            "tcp_rules": ""
          },
          "sensitive_attributes": [],
          "private": "eyJzY2hlbWFfdmVyc2lvbiI6IjEifQ==",
          "dependencies": [
            "aci_filter.allow_http",
            "aci_tenant.tenant_tf"
          ]
        }
      ]
    },
    {
      "mode": "managed",
      "type": "aci_filter_entry",
      "name": "icmp",
      "provider": "provider[\"registry.terraform.io/ciscodevnet/aci\"]",
      "instances": [
        {
          "schema_version": 1,
          "attributes": {
            "annotation": "orchestrator:terraform",
            "apply_to_frag": "no",
            "arp_opc": "unspecified",
            "d_from_port": "unspecified",
            "d_to_port": "unspecified",
            "description": "",
            "ether_t": "ip",
            "filter_dn": "uni/tn-dm_cli_terraform_T01/flt-allow_icmp",
            "icmpv4_t": "unspecified",
            "icmpv6_t": "unspecified",
            "id": "uni/tn-dm_cli_terraform_T01/flt-allow_icmp/e-icmp",
            "match_dscp": "unspecified",
            "name": "icmp",
            "name_alias": "",
            "prot": "icmp",
            "s_from_port": "unspecified",
            "s_to_port": "unspecified",
            "stateful": "yes",
            "tcp_rules": ""
          },
          "sensitive_attributes": [],
          "private": "eyJzY2hlbWFfdmVyc2lvbiI6IjEifQ==",
          "dependencies": [
            "aci_tenant.tenant_tf",
            "aci_filter.allow_icmp"
          ]
        }
      ]
    },
    {
      "mode": "managed",
      "type": "aci_subnet",
      "name": "external_tf_subnet",
      "provider": "provider[\"registry.terraform.io/ciscodevnet/aci\"]",
      "instances": [
        {
          "schema_version": 1,
          "attributes": {
            "annotation": "orchestrator:terraform",
            "ctrl": [
              "nd"
            ],
            "description": "",
            "id": "uni/tn-dm_cli_terraform_T01/BD-External_BD/subnet-[10.5.2.1/24]",
            "ip": "10.5.2.1/24",
            "name_alias": "",
            "parent_dn": "uni/tn-dm_cli_terraform_T01/BD-External_BD",
            "preferred": "no",
            "relation_fv_rs_bd_subnet_to_out": [],
            "relation_fv_rs_bd_subnet_to_profile": "",
            "relation_fv_rs_nd_pfx_pol": "",
            "scope": [
              "private"
            ],
            "virtual": "no"
          },
          "sensitive_attributes": [],
          "private": "eyJzY2hlbWFfdmVyc2lvbiI6IjEifQ==",
          "dependencies": [
            "aci_bridge_domain.external_tf",
            "aci_tenant.tenant_tf",
            "aci_vrf.vrf_tf"
          ]
        }
      ]
    },
    {
      "mode": "managed",
      "type": "aci_subnet",
      "name": "internal_tf_subnet",
      "provider": "provider[\"registry.terraform.io/ciscodevnet/aci\"]",
      "instances": [
        {
          "schema_version": 1,
          "attributes": {
            "annotation": "orchestrator:terraform",
            "ctrl": [
              "nd"
            ],
            "description": "",
            "id": "uni/tn-dm_cli_terraform_T01/BD-Internal_BD/subnet-[10.5.1.1/24]",
            "ip": "10.5.1.1/24",
            "name_alias": "",
            "parent_dn": "uni/tn-dm_cli_terraform_T01/BD-Internal_BD",
            "preferred": "no",
            "relation_fv_rs_bd_subnet_to_out": [],
            "relation_fv_rs_bd_subnet_to_profile": "",
            "relation_fv_rs_nd_pfx_pol": "",
            "scope": [
              "private"
            ],
            "virtual": "no"
          },
          "sensitive_attributes": [],
          "private": "eyJzY2hlbWFfdmVyc2lvbiI6IjEifQ==",
          "dependencies": [
            "aci_bridge_domain.internal_tf",
            "aci_tenant.tenant_tf",
            "aci_vrf.vrf_tf"
          ]
        }
      ]
    },
    {
      "mode": "managed",
      "type": "aci_tenant",
      "name": "tenant_tf",
      "provider": "provider[\"registry.terraform.io/ciscodevnet/aci\"]",
      "instances": [
        {
          "schema_version": 1,
          "attributes": {
            "annotation": "orchestrator:terraform",
            "description": "",
            "id": "uni/tn-dm_cli_terraform_T01",
            "name": "dm_cli_terraform_T01",
            "name_alias": "",
            "relation_fv_rs_tenant_mon_pol": null,
            "relation_fv_rs_tn_deny_rule": []
          },
          "sensitive_attributes": [],
          "private": "eyJzY2hlbWFfdmVyc2lvbiI6IjEifQ=="
        }
      ]
    },
    {
      "mode": "managed",
      "type": "aci_vrf",
      "name": "vrf_tf",
      "provider": "provider[\"registry.terraform.io/ciscodevnet/aci\"]",
      "instances": [
        {
          "schema_version": 1,
          "attributes": {
            "annotation": "orchestrator:terraform",
            "bd_enforced_enable": "no",
            "description": "",
            "id": "uni/tn-dm_cli_terraform_T01/ctx-Prod_vrf",
            "ip_data_plane_learning": "enabled",
            "knw_mcast_act": "permit",
            "name": "Prod_vrf",
            "name_alias": "",
            "pc_enf_dir": "ingress",
            "pc_enf_pref": "enforced",
            "relation_fv_rs_bgp_ctx_pol": null,
            "relation_fv_rs_ctx_mcast_to": [],
            "relation_fv_rs_ctx_mon_pol": "",
            "relation_fv_rs_ctx_to_bgp_ctx_af_pol": [],
            "relation_fv_rs_ctx_to_eigrp_ctx_af_pol": [],
            "relation_fv_rs_ctx_to_ep_ret": null,
            "relation_fv_rs_ctx_to_ext_route_tag_pol": null,
            "relation_fv_rs_ctx_to_ospf_ctx_pol": [],
            "relation_fv_rs_ospf_ctx_pol": null,
            "relation_fv_rs_vrf_validation_pol": null,
            "tenant_dn": "uni/tn-dm_cli_terraform_T01"
          },
          "sensitive_attributes": [],
          "private": "eyJzY2hlbWFfdmVyc2lvbiI6IjEifQ==",
          "dependencies": [
            "aci_tenant.tenant_tf"
          ]
        }
      ]
    }
  ]
}
