{
  "version": 4,
  "terraform_version": "0.13.4",
  "serial": 19,
  "lineage": "fe4fff90-35ea-7c03-b8b1-1b46a584e3b6",
  "outputs": {},
  "resources": [
    {
      "mode": "managed",
      "type": "aci_application_epg",
      "name": "external_tf",
      "provider": "provider[\"registry.terraform.io/terraform-providers/aci\"]",
      "instances": [
        {
          "schema_version": 1,
          "attributes": {
            "annotation": "",
            "application_profile_dn": "uni/tn-dm_terraform_cli_T01/ap-MyApp",
            "description": "",
            "exception_tag": "",
            "flood_on_encap": "disabled",
            "fwd_ctrl": "",
            "has_mcast_source": "no",
            "id": "uni/tn-dm_terraform_cli_T01/ap-MyApp/epg-External_EPG",
            "is_attr_based_e_pg": "no",
            "match_t": "AtleastOne",
            "name": "External_EPG",
            "name_alias": "",
            "pc_enf_pref": "unenforced",
            "pref_gr_memb": "exclude",
            "prio": "unspecified",
            "relation_fv_rs_ae_pg_mon_pol": null,
            "relation_fv_rs_bd": "External_BD",
            "relation_fv_rs_cons": [
              "contract_Web"
            ],
            "relation_fv_rs_cons_if": null,
            "relation_fv_rs_cust_qos_pol": "",
            "relation_fv_rs_dom_att": null,
            "relation_fv_rs_dpp_pol": null,
            "relation_fv_rs_fc_path_att": null,
            "relation_fv_rs_graph_def": null,
            "relation_fv_rs_intra_epg": null,
            "relation_fv_rs_node_att": null,
            "relation_fv_rs_prot_by": null,
            "relation_fv_rs_prov": null,
            "relation_fv_rs_prov_def": null,
            "relation_fv_rs_sec_inherited": null,
            "relation_fv_rs_trust_ctrl": null,
            "shutdown": "no"
          },
          "private": "eyJzY2hlbWFfdmVyc2lvbiI6IjEifQ==",
          "dependencies": [
            "aci_application_profile.anp_tf",
            "aci_bridge_domain.external_tf",
            "aci_contract.contract_internal_tf_external_tf",
            "aci_tenant.tenant_tf",
            "aci_vrf.vrf_tf"
          ]
        }
      ]
    },
    {
      "mode": "managed",
      "type": "aci_application_epg",
      "name": "internal_tf",
      "provider": "provider[\"registry.terraform.io/terraform-providers/aci\"]",
      "instances": [
        {
          "schema_version": 1,
          "attributes": {
            "annotation": "",
            "application_profile_dn": "uni/tn-dm_terraform_cli_T01/ap-MyApp",
            "description": "",
            "exception_tag": "",
            "flood_on_encap": "disabled",
            "fwd_ctrl": "",
            "has_mcast_source": "no",
            "id": "uni/tn-dm_terraform_cli_T01/ap-MyApp/epg-Internal_EPG",
            "is_attr_based_e_pg": "no",
            "match_t": "AtleastOne",
            "name": "Internal_EPG",
            "name_alias": "",
            "pc_enf_pref": "unenforced",
            "pref_gr_memb": "exclude",
            "prio": "unspecified",
            "relation_fv_rs_ae_pg_mon_pol": null,
            "relation_fv_rs_bd": "Internal_BD",
            "relation_fv_rs_cons": null,
            "relation_fv_rs_cons_if": null,
            "relation_fv_rs_cust_qos_pol": "",
            "relation_fv_rs_dom_att": null,
            "relation_fv_rs_dpp_pol": null,
            "relation_fv_rs_fc_path_att": null,
            "relation_fv_rs_graph_def": null,
            "relation_fv_rs_intra_epg": null,
            "relation_fv_rs_node_att": null,
            "relation_fv_rs_prot_by": null,
            "relation_fv_rs_prov": [
              "contract_Web"
            ],
            "relation_fv_rs_prov_def": null,
            "relation_fv_rs_sec_inherited": null,
            "relation_fv_rs_trust_ctrl": null,
            "shutdown": "no"
          },
          "private": "eyJzY2hlbWFfdmVyc2lvbiI6IjEifQ==",
          "dependencies": [
            "aci_application_profile.anp_tf",
            "aci_bridge_domain.internal_tf",
            "aci_contract.contract_internal_tf_external_tf",
            "aci_tenant.tenant_tf",
            "aci_vrf.vrf_tf"
          ]
        }
      ]
    },
    {
      "mode": "managed",
      "type": "aci_application_profile",
      "name": "anp_tf",
      "provider": "provider[\"registry.terraform.io/terraform-providers/aci\"]",
      "instances": [
        {
          "schema_version": 1,
          "attributes": {
            "annotation": "",
            "description": "",
            "id": "uni/tn-dm_terraform_cli_T01/ap-MyApp",
            "name": "MyApp",
            "name_alias": "",
            "prio": "unspecified",
            "relation_fv_rs_ap_mon_pol": null,
            "tenant_dn": "uni/tn-dm_terraform_cli_T01"
          },
          "private": "eyJzY2hlbWFfdmVyc2lvbiI6IjEifQ==",
          "dependencies": [
            "aci_tenant.tenant_tf"
          ]
        }
      ]
    },
    {
      "mode": "managed",
      "type": "aci_bridge_domain",
      "name": "external_tf",
      "provider": "provider[\"registry.terraform.io/terraform-providers/aci\"]",
      "instances": [
        {
          "schema_version": 1,
          "attributes": {
            "annotation": "",
            "arp_flood": "no",
            "bridge_domain_type": "regular",
            "description": "",
            "ep_clear": "no",
            "ep_move_detect_mode": "",
            "host_based_routing": "no",
            "id": "uni/tn-dm_terraform_cli_T01/BD-External_BD",
            "intersite_bum_traffic_allow": "no",
            "intersite_l2_stretch": "no",
            "ip_learning": "yes",
            "ipv6_mcast_allow": "no",
            "limit_ip_learn_to_subnets": "yes",
            "ll_addr": "::",
            "mac": "00:22:BD:F8:19:FF",
            "mcast_allow": "no",
            "multi_dst_pkt_act": "bd-flood",
            "name": "External_BD",
            "name_alias": "",
            "optimize_wan_bandwidth": "no",
            "relation_fv_rs_abd_pol_mon_pol": null,
            "relation_fv_rs_bd_flood_to": null,
            "relation_fv_rs_bd_to_ep_ret": "",
            "relation_fv_rs_bd_to_fhs": null,
            "relation_fv_rs_bd_to_nd_p": "",
            "relation_fv_rs_bd_to_netflow_monitor_pol": [],
            "relation_fv_rs_bd_to_out": null,
            "relation_fv_rs_bd_to_profile": null,
            "relation_fv_rs_bd_to_relay_p": null,
            "relation_fv_rs_ctx": "Prod_vrf",
            "relation_fv_rs_igmpsn": "",
            "relation_fv_rs_mldsn": "",
            "tenant_dn": "uni/tn-dm_terraform_cli_T01",
            "unicast_route": "yes",
            "unk_mac_ucast_act": "proxy",
            "unk_mcast_act": "flood",
            "v6unk_mcast_act": "flood",
            "vmac": "not-applicable"
          },
          "private": "eyJzY2hlbWFfdmVyc2lvbiI6IjEifQ==",
          "dependencies": [
            "aci_tenant.tenant_tf",
            "aci_vrf.vrf_tf"
          ]
        }
      ]
    },
    {
      "mode": "managed",
      "type": "aci_bridge_domain",
      "name": "internal_tf",
      "provider": "provider[\"registry.terraform.io/terraform-providers/aci\"]",
      "instances": [
        {
          "schema_version": 1,
          "attributes": {
            "annotation": "",
            "arp_flood": "no",
            "bridge_domain_type": "regular",
            "description": "",
            "ep_clear": "no",
            "ep_move_detect_mode": "",
            "host_based_routing": "no",
            "id": "uni/tn-dm_terraform_cli_T01/BD-Internal_BD",
            "intersite_bum_traffic_allow": "no",
            "intersite_l2_stretch": "no",
            "ip_learning": "yes",
            "ipv6_mcast_allow": "no",
            "limit_ip_learn_to_subnets": "yes",
            "ll_addr": "::",
            "mac": "00:22:BD:F8:19:FF",
            "mcast_allow": "no",
            "multi_dst_pkt_act": "bd-flood",
            "name": "Internal_BD",
            "name_alias": "",
            "optimize_wan_bandwidth": "no",
            "relation_fv_rs_abd_pol_mon_pol": null,
            "relation_fv_rs_bd_flood_to": null,
            "relation_fv_rs_bd_to_ep_ret": "",
            "relation_fv_rs_bd_to_fhs": null,
            "relation_fv_rs_bd_to_nd_p": "",
            "relation_fv_rs_bd_to_netflow_monitor_pol": [],
            "relation_fv_rs_bd_to_out": null,
            "relation_fv_rs_bd_to_profile": null,
            "relation_fv_rs_bd_to_relay_p": null,
            "relation_fv_rs_ctx": "Prod_vrf",
            "relation_fv_rs_igmpsn": "",
            "relation_fv_rs_mldsn": "",
            "tenant_dn": "uni/tn-dm_terraform_cli_T01",
            "unicast_route": "yes",
            "unk_mac_ucast_act": "proxy",
            "unk_mcast_act": "flood",
            "v6unk_mcast_act": "flood",
            "vmac": "not-applicable"
          },
          "private": "eyJzY2hlbWFfdmVyc2lvbiI6IjEifQ==",
          "dependencies": [
            "aci_tenant.tenant_tf",
            "aci_vrf.vrf_tf"
          ]
        }
      ]
    },
    {
      "mode": "managed",
      "type": "aci_contract",
      "name": "contract_internal_tf_external_tf",
      "provider": "provider[\"registry.terraform.io/terraform-providers/aci\"]",
      "instances": [
        {
          "schema_version": 1,
          "attributes": {
            "annotation": "",
            "description": "",
            "id": "uni/tn-dm_terraform_cli_T01/brc-contract_Web",
            "name": "contract_Web",
            "name_alias": "",
            "prio": "unspecified",
            "relation_vz_rs_graph_att": null,
            "scope": "context",
            "target_dscp": "unspecified",
            "tenant_dn": "uni/tn-dm_terraform_cli_T01"
          },
          "private": "eyJzY2hlbWFfdmVyc2lvbiI6IjEifQ==",
          "dependencies": [
            "aci_tenant.tenant_tf"
          ]
        }
      ]
    },
    {
      "mode": "managed",
      "type": "aci_contract_subject",
      "name": "subject_tf",
      "provider": "provider[\"registry.terraform.io/terraform-providers/aci\"]",
      "instances": [
        {
          "schema_version": 1,
          "attributes": {
            "annotation": "",
            "cons_match_t": "AtleastOne",
            "contract_dn": "uni/tn-dm_terraform_cli_T01/brc-contract_Web",
            "description": "",
            "id": "uni/tn-dm_terraform_cli_T01/brc-contract_Web/subj-Web_subject",
            "name": "Web_subject",
            "name_alias": "",
            "prio": "unspecified",
            "prov_match_t": "AtleastOne",
            "relation_vz_rs_sdwan_pol": null,
            "relation_vz_rs_subj_filt_att": [
              "allow_MySQL",
              "allow_http",
              "allow_icmp"
            ],
            "relation_vz_rs_subj_graph_att": null,
            "rev_flt_ports": "yes",
            "target_dscp": "unspecified"
          },
          "private": "eyJzY2hlbWFfdmVyc2lvbiI6IjEifQ==",
          "dependencies": [
            "aci_contract.contract_internal_tf_external_tf",
            "aci_filter.allow_MySQL",
            "aci_filter.allow_http",
            "aci_filter.allow_icmp",
            "aci_tenant.tenant_tf"
          ]
        }
      ]
    },
    {
      "mode": "managed",
      "type": "aci_filter",
      "name": "allow_MySQL",
      "provider": "provider[\"registry.terraform.io/terraform-providers/aci\"]",
      "instances": [
        {
          "schema_version": 1,
          "attributes": {
            "annotation": "",
            "description": "",
            "id": "uni/tn-dm_terraform_cli_T01/flt-allow_MySQL",
            "name": "allow_MySQL",
            "name_alias": "",
            "relation_vz_rs_filt_graph_att": null,
            "relation_vz_rs_fwd_r_flt_p_att": null,
            "relation_vz_rs_rev_r_flt_p_att": null,
            "tenant_dn": "uni/tn-dm_terraform_cli_T01"
          },
          "private": "eyJzY2hlbWFfdmVyc2lvbiI6IjEifQ==",
          "dependencies": [
            "aci_tenant.tenant_tf"
          ]
        }
      ]
    },
    {
      "mode": "managed",
      "type": "aci_filter",
      "name": "allow_http",
      "provider": "provider[\"registry.terraform.io/terraform-providers/aci\"]",
      "instances": [
        {
          "schema_version": 1,
          "attributes": {
            "annotation": "",
            "description": "",
            "id": "uni/tn-dm_terraform_cli_T01/flt-allow_http",
            "name": "allow_http",
            "name_alias": "",
            "relation_vz_rs_filt_graph_att": null,
            "relation_vz_rs_fwd_r_flt_p_att": null,
            "relation_vz_rs_rev_r_flt_p_att": null,
            "tenant_dn": "uni/tn-dm_terraform_cli_T01"
          },
          "private": "eyJzY2hlbWFfdmVyc2lvbiI6IjEifQ==",
          "dependencies": [
            "aci_tenant.tenant_tf"
          ]
        }
      ]
    },
    {
      "mode": "managed",
      "type": "aci_filter",
      "name": "allow_icmp",
      "provider": "provider[\"registry.terraform.io/terraform-providers/aci\"]",
      "instances": [
        {
          "schema_version": 1,
          "attributes": {
            "annotation": "",
            "description": "",
            "id": "uni/tn-dm_terraform_cli_T01/flt-allow_icmp",
            "name": "allow_icmp",
            "name_alias": "",
            "relation_vz_rs_filt_graph_att": null,
            "relation_vz_rs_fwd_r_flt_p_att": null,
            "relation_vz_rs_rev_r_flt_p_att": null,
            "tenant_dn": "uni/tn-dm_terraform_cli_T01"
          },
          "private": "eyJzY2hlbWFfdmVyc2lvbiI6IjEifQ==",
          "dependencies": [
            "aci_tenant.tenant_tf"
          ]
        }
      ]
    },
    {
      "mode": "managed",
      "type": "aci_filter_entry",
      "name": "MySQL",
      "provider": "provider[\"registry.terraform.io/terraform-providers/aci\"]",
      "instances": [
        {
          "schema_version": 1,
          "attributes": {
            "annotation": "",
            "apply_to_frag": "no",
            "arp_opc": "unspecified",
            "d_from_port": "3306",
            "d_to_port": "3306",
            "description": "",
            "ether_t": "ip",
            "filter_dn": "uni/tn-dm_terraform_cli_T01/flt-allow_MySQL",
            "icmpv4_t": "unspecified",
            "icmpv6_t": "unspecified",
            "id": "uni/tn-dm_terraform_cli_T01/flt-allow_MySQL/e-MySQL",
            "match_dscp": "unspecified",
            "name": "MySQL",
            "name_alias": "",
            "prot": "tcp",
            "s_from_port": "unspecified",
            "s_to_port": "unspecified",
            "stateful": "yes",
            "tcp_rules": ""
          },
          "private": "eyJzY2hlbWFfdmVyc2lvbiI6IjEifQ==",
          "dependencies": [
            "aci_filter.allow_MySQL",
            "aci_tenant.tenant_tf"
          ]
        }
      ]
    },
    {
      "mode": "managed",
      "type": "aci_filter_entry",
      "name": "http",
      "provider": "provider[\"registry.terraform.io/terraform-providers/aci\"]",
      "instances": [
        {
          "schema_version": 1,
          "attributes": {
            "annotation": "",
            "apply_to_frag": "no",
            "arp_opc": "unspecified",
            "d_from_port": "http",
            "d_to_port": "http",
            "description": "",
            "ether_t": "ip",
            "filter_dn": "uni/tn-dm_terraform_cli_T01/flt-allow_http",
            "icmpv4_t": "unspecified",
            "icmpv6_t": "unspecified",
            "id": "uni/tn-dm_terraform_cli_T01/flt-allow_http/e-http",
            "match_dscp": "unspecified",
            "name": "http",
            "name_alias": "",
            "prot": "tcp",
            "s_from_port": "unspecified",
            "s_to_port": "unspecified",
            "stateful": "yes",
            "tcp_rules": ""
          },
          "private": "eyJzY2hlbWFfdmVyc2lvbiI6IjEifQ==",
          "dependencies": [
            "aci_filter.allow_http",
            "aci_tenant.tenant_tf"
          ]
        }
      ]
    },
    {
      "mode": "managed",
      "type": "aci_filter_entry",
      "name": "icmp",
      "provider": "provider[\"registry.terraform.io/terraform-providers/aci\"]",
      "instances": [
        {
          "schema_version": 1,
          "attributes": {
            "annotation": "",
            "apply_to_frag": "no",
            "arp_opc": "unspecified",
            "d_from_port": "unspecified",
            "d_to_port": "unspecified",
            "description": "",
            "ether_t": "ip",
            "filter_dn": "uni/tn-dm_terraform_cli_T01/flt-allow_icmp",
            "icmpv4_t": "unspecified",
            "icmpv6_t": "unspecified",
            "id": "uni/tn-dm_terraform_cli_T01/flt-allow_icmp/e-icmp",
            "match_dscp": "unspecified",
            "name": "icmp",
            "name_alias": "",
            "prot": "icmp",
            "s_from_port": "unspecified",
            "s_to_port": "unspecified",
            "stateful": "yes",
            "tcp_rules": ""
          },
          "private": "eyJzY2hlbWFfdmVyc2lvbiI6IjEifQ==",
          "dependencies": [
            "aci_filter.allow_icmp",
            "aci_tenant.tenant_tf"
          ]
        }
      ]
    },
    {
      "mode": "managed",
      "type": "aci_subnet",
      "name": "external_tf_subnet",
      "provider": "provider[\"registry.terraform.io/terraform-providers/aci\"]",
      "instances": [
        {
          "schema_version": 1,
          "attributes": {
            "annotation": "",
            "bridge_domain_dn": "uni/tn-dm_terraform_cli_T01/BD-External_BD",
            "ctrl": "nd",
            "description": "",
            "id": "uni/tn-dm_terraform_cli_T01/BD-External_BD/subnet-[10.5.2.1/24]",
            "ip": "10.5.2.1/24",
            "name_alias": "",
            "preferred": "no",
            "relation_fv_rs_bd_subnet_to_out": null,
            "relation_fv_rs_bd_subnet_to_profile": null,
            "relation_fv_rs_nd_pfx_pol": null,
            "scope": "private",
            "virtual": "no"
          },
          "private": "eyJzY2hlbWFfdmVyc2lvbiI6IjEifQ==",
          "dependencies": [
            "aci_bridge_domain.external_tf",
            "aci_tenant.tenant_tf",
            "aci_vrf.vrf_tf"
          ]
        }
      ]
    },
    {
      "mode": "managed",
      "type": "aci_subnet",
      "name": "internal_tf_subnet",
      "provider": "provider[\"registry.terraform.io/terraform-providers/aci\"]",
      "instances": [
        {
          "schema_version": 1,
          "attributes": {
            "annotation": "",
            "bridge_domain_dn": "uni/tn-dm_terraform_cli_T01/BD-Internal_BD",
            "ctrl": "nd",
            "description": "",
            "id": "uni/tn-dm_terraform_cli_T01/BD-Internal_BD/subnet-[10.5.1.1/24]",
            "ip": "10.5.1.1/24",
            "name_alias": "",
            "preferred": "no",
            "relation_fv_rs_bd_subnet_to_out": null,
            "relation_fv_rs_bd_subnet_to_profile": null,
            "relation_fv_rs_nd_pfx_pol": null,
            "scope": "private",
            "virtual": "no"
          },
          "private": "eyJzY2hlbWFfdmVyc2lvbiI6IjEifQ==",
          "dependencies": [
            "aci_bridge_domain.internal_tf",
            "aci_tenant.tenant_tf",
            "aci_vrf.vrf_tf"
          ]
        }
      ]
    },
    {
      "mode": "managed",
      "type": "aci_tenant",
      "name": "tenant_tf",
      "provider": "provider[\"registry.terraform.io/terraform-providers/aci\"]",
      "instances": [
        {
          "schema_version": 1,
          "attributes": {
            "annotation": "",
            "description": "",
            "id": "uni/tn-dm_terraform_cli_T01",
            "name": "dm_terraform_cli_T01",
            "name_alias": "",
            "relation_fv_rs_tenant_mon_pol": "",
            "relation_fv_rs_tn_deny_rule": null
          },
          "private": "eyJzY2hlbWFfdmVyc2lvbiI6IjEifQ=="
        }
      ]
    },
    {
      "mode": "managed",
      "type": "aci_vrf",
      "name": "vrf_tf",
      "provider": "provider[\"registry.terraform.io/terraform-providers/aci\"]",
      "instances": [
        {
          "schema_version": 1,
          "attributes": {
            "annotation": "",
            "bd_enforced_enable": "no",
            "description": "",
            "id": "uni/tn-dm_terraform_cli_T01/ctx-Prod_vrf",
            "ip_data_plane_learning": "enabled",
            "knw_mcast_act": "permit",
            "name": "Prod_vrf",
            "name_alias": "",
            "pc_enf_dir": "ingress",
            "pc_enf_pref": "enforced",
            "relation_fv_rs_bgp_ctx_pol": "",
            "relation_fv_rs_ctx_mcast_to": null,
            "relation_fv_rs_ctx_mon_pol": null,
            "relation_fv_rs_ctx_to_bgp_ctx_af_pol": [],
            "relation_fv_rs_ctx_to_eigrp_ctx_af_pol": [],
            "relation_fv_rs_ctx_to_ep_ret": "",
            "relation_fv_rs_ctx_to_ext_route_tag_pol": "",
            "relation_fv_rs_ctx_to_ospf_ctx_pol": [],
            "relation_fv_rs_ospf_ctx_pol": "",
            "relation_fv_rs_vrf_validation_pol": "",
            "tenant_dn": "uni/tn-dm_terraform_cli_T01"
          },
          "private": "eyJzY2hlbWFfdmVyc2lvbiI6IjEifQ==",
          "dependencies": [
            "aci_tenant.tenant_tf"
          ]
        }
      ]
    }
  ]
}
